GEM
  remote: https://rubygems.org/
  specs:
    base64 (0.3.0)
    concurrent-ruby (1.3.6)
    logger (1.7.0)
    mime-types (3.7.0)
      logger
      mime-types-data (~> 3.2025, >= 3.2025.0507)
    mime-types-data (3.2026.0414)
    playwright-ruby-client (1.59.0)
      base64
      concurrent-ruby (>= 1.1.6)
      mime-types (>= 3.0)
    smartest (0.1.0.alpha1)

PLATFORMS
  arm64-darwin-24
  ruby

DEPENDENCIES
  playwright-ruby-client
  smartest (= 0.1.0.alpha1)

CHECKSUMS
  base64 (0.3.0) sha256=27337aeabad6ffae05c265c450490628ef3ebd4b67be58257393227588f5a97b
  concurrent-ruby (1.3.6) sha256=6b56837e1e7e5292f9864f34b69c5a2cbc75c0cf5338f1ce9903d10fa762d5ab
  logger (1.7.0) sha256=196edec7cc44b66cfb40f9755ce11b392f21f7967696af15d274dde7edff0203
  mime-types (3.7.0) sha256=dcebf61c246f08e15a4de34e386ebe8233791e868564a470c3fe77c00eed5e56
  mime-types-data (3.2026.0414) sha256=461c4c655373a44bd6c5fe54bcf5b7776026ea96e808144b1ec465c4b99148cc
  playwright-ruby-client (1.59.0) sha256=b9e66233ed7b83e917980badc27ecd233e244503c74772a3854dbd5d41438c21
  smartest (0.1.0.alpha1) sha256=00a7edcecbeede22d6cc29e2a60ee543005fb1b41599bc4702dabb879b9af062

BUNDLED WITH
  4.0.3
